{
    "_readme": [
        "This file locks the dependencies of your project to a known state",
        "Read more about it at http://getcomposer.org/doc/01-basic-usage.md#composer-lock-the-lock-file"
    ],
    "hash": "44572eae2452b25def2c5dd835f31ebb",
    "packages": [
        {
            "name": "codegun/phpmailer-lite",
            "version": "dev-master",
            "source": {
                "type": "git",
                "url": "https://github.com/codegun/phpmailer-lite.git",
                "reference": "405e345b0407d9ad150a38ff0311a1755a88e1da"
            },
            "dist": {
                "type": "zip",
                "url": "https://api.github.com/repos/codegun/phpmailer-lite/zipball/405e345b0407d9ad150a38ff0311a1755a88e1da",
                "reference": "405e345b0407d9ad150a38ff0311a1755a88e1da",
                "shasum": ""
            },
            "require": {
                "php": ">=5.0.0"
            },
            "type": "library",
            "autoload": {
                "classmap": [
                    "src/class.phpmailer-lite.php"
                ]
            },
            "notification-url": "https://packagist.org/downloads/",
            "description": "PHPMailerLite By PHPMailer",
            "homepage": "https://code.google.com/a/apache-extras.org/p/phpmailer/",
            "keywords": [
                "phpmailer"
            ],
            "time": "2012-07-31 12:09:59"
        },
        {
            "name": "treasure-chest/treasure-chest",
            "version": "0.1.5",
            "source": {
                "type": "git",
                "url": "git@github.com:jamesmoss/treasure-chest.git",
                "reference": "0.1.5"
            },
            "dist": {
                "type": "zip",
                "url": "https://github.com/jamesmoss/treasure-chest/archive/0.1.5.zip",
                "reference": "0.1.5",
                "shasum": ""
            },
            "require": {
                "php": ">=5.3.0"
            },
            "suggest": {
                "ext-apc": "Install to use the APC datastore",
                "ext-memcache": "Install to use the memcached datastore"
            },
            "type": "library",
            "autoload": {
                "psr-0": {
                    "TreasureChest": "lib"
                }
            },
            "notification-url": "https://packagist.org/downloads/",
            "license": [
                "MIT"
            ],
            "authors": [
                {
                    "name": "James Moss",
                    "email": "email@jamesmoss.co.uk",
                    "homepage": "http://jamesmoss.co.uk"
                }
            ],
            "description": "A simple key/value store with namespace support and backends for memcached, apc, and more.",
            "homepage": "http://github.com/jamesmoss/treasure-chest",
            "keywords": [
                "apc",
                "cache",
                "caching",
                "memcached"
            ],
            "time": "2013-01-25 17:27:49"
        }
    ],
    "packages-dev": [

    ],
    "aliases": [

    ],
    "minimum-stability": "stable",
    "stability-flags": {
        "codegun/phpmailer-lite": 20
    },
    "platform": [

    ],
    "platform-dev": [

    ]
}
